
Microsoft Visual Studio Solution File, Format Version 12.00
# Visual Studio Version 17
VisualStudioVersion = 17.14.36221.1
MinimumVisualStudioVersion = 10.0.40219.1
Project("{FAE04EC0-301F-11D3-BF4B-00C04F79EFBC}") = "CleanArchitecture.Application", "CleanArchitecture.Application\CleanArchitecture.Application.csproj", "{ACD5A102-15C0-42CF-8D6C-35F9C9899A46}"
EndProject
Project("{FAE04EC0-301F-11D3-BF4B-00C04F79EFBC}") = "CleanArchitecture.Domain", "CleanArchitecture.Domain\CleanArchitecture.Domain.csproj", "{E305DB7E-073D-4FA1-B946-9E891EB24207}"
EndProject
Project("{FAE04EC0-301F-11D3-BF4B-00C04F79EFBC}") = "CleanArchitecture.Infrastructure", "CleanArchitecture.Infrastructure\CleanArchitecture.Infrastructure.csproj", "{3FF58341-20C6-4B81-8E6A-8C03C4B133B1}"
EndProject
Project("{FAE04EC0-301F-11D3-BF4B-00C04F79EFBC}") = "CleanArchitecture.API", "CleanArchitecture.API\CleanArchitecture.API.csproj", "{DB757C71-7538-4D30-AAC4-085CC4115F00}"
EndProject
Global
	GlobalSection(SolutionConfigurationPlatforms) = preSolution
		Debug|Any CPU = Debug|Any CPU
		Release|Any CPU = Release|Any CPU
	EndGlobalSection
	GlobalSection(ProjectConfigurationPlatforms) = postSolution
		{ACD5A102-15C0-42CF-8D6C-35F9C9899A46}.Debug|Any CPU.ActiveCfg = Debug|Any CPU
		{ACD5A102-15C0-42CF-8D6C-35F9C9899A46}.Debug|Any CPU.Build.0 = Debug|Any CPU
		{ACD5A102-15C0-42CF-8D6C-35F9C9899A46}.Release|Any CPU.ActiveCfg = Release|Any CPU
		{ACD5A102-15C0-42CF-8D6C-35F9C9899A46}.Release|Any CPU.Build.0 = Release|Any CPU
		{E305DB7E-073D-4FA1-B946-9E891EB24207}.Debug|Any CPU.ActiveCfg = Debug|Any CPU
		{E305DB7E-073D-4FA1-B946-9E891EB24207}.Debug|Any CPU.Build.0 = Debug|Any CPU
		{E305DB7E-073D-4FA1-B946-9E891EB24207}.Release|Any CPU.ActiveCfg = Release|Any CPU
		{E305DB7E-073D-4FA1-B946-9E891EB24207}.Release|Any CPU.Build.0 = Release|Any CPU
		{3FF58341-20C6-4B81-8E6A-8C03C4B133B1}.Debug|Any CPU.ActiveCfg = Debug|Any CPU
		{3FF58341-20C6-4B81-8E6A-8C03C4B133B1}.Debug|Any CPU.Build.0 = Debug|Any CPU
		{3FF58341-20C6-4B81-8E6A-8C03C4B133B1}.Release|Any CPU.ActiveCfg = Release|Any CPU
		{3FF58341-20C6-4B81-8E6A-8C03C4B133B1}.Release|Any CPU.Build.0 = Release|Any CPU
		{DB757C71-7538-4D30-AAC4-085CC4115F00}.Debug|Any CPU.ActiveCfg = Debug|Any CPU
		{DB757C71-7538-4D30-AAC4-085CC4115F00}.Debug|Any CPU.Build.0 = Debug|Any CPU
		{DB757C71-7538-4D30-AAC4-085CC4115F00}.Release|Any CPU.ActiveCfg = Release|Any CPU
		{DB757C71-7538-4D30-AAC4-085CC4115F00}.Release|Any CPU.Build.0 = Release|Any CPU
	EndGlobalSection
	GlobalSection(SolutionProperties) = preSolution
		HideSolutionNode = FALSE
	EndGlobalSection
	GlobalSection(ExtensibilityGlobals) = postSolution
		SolutionGuid = {F05D8232-444B-41C3-BEDF-4DA85E0CFD47}
	EndGlobalSection
EndGlobal
